
Microsoft Visual Studio Solution File, Format Version 12.00
# Visual Studio Version 17
VisualStudioVersion = 17.8.34112.27
MinimumVisualStudioVersion = 10.0.40219.1
Project("{2150E333-8FDC-42A3-9474-1A3956D46DE8}") = "Services", "Services", "{A0370056-D424-404E-B90D-145BFC51BFE8}"
EndProject
Project("{2150E333-8FDC-42A3-9474-1A3956D46DE8}") = "Catalog", "Catalog", "{4C364F16-4AFA-4DFF-BB67-A0EF9F8100F2}"
EndProject
Project("{9A19103F-16F7-4668-BE54-9A1E7A4F7556}") = "MultiShop.Catalog", "Services\Catalog\MultiShop.Catalog\MultiShop.Catalog.csproj", "{60CE9091-8DFA-4105-BB6C-C6A69DCAD521}"
EndProject
Project("{2150E333-8FDC-42A3-9474-1A3956D46DE8}") = "Discount", "Discount", "{36E70CB9-C92A-4DCE-A6E4-BEC03ABC9304}"
EndProject
Project("{9A19103F-16F7-4668-BE54-9A1E7A4F7556}") = "MultiShop.Discount", "Services\Discount\MultiShop.Discount\MultiShop.Discount.csproj", "{DF1A2EF2-1467-42D4-A239-7F72E22F6035}"
EndProject
Project("{2150E333-8FDC-42A3-9474-1A3956D46DE8}") = "Order", "Order", "{196F26F0-1E45-4D73-8199-7F13953A49B7}"
EndProject
Project("{2150E333-8FDC-42A3-9474-1A3956D46DE8}") = "Core", "Core", "{FE981D75-6E3D-4013-89DA-68C9C1A7ED60}"
EndProject
Project("{2150E333-8FDC-42A3-9474-1A3956D46DE8}") = "Infrastructure", "Infrastructure", "{713EA178-ECDB-452E-B10B-6E50EDB7A06A}"
EndProject
Project("{2150E333-8FDC-42A3-9474-1A3956D46DE8}") = "Presentation", "Presentation", "{08E2DBCC-C271-4185-96F3-C40A05254BDC}"
EndProject
Project("{9A19103F-16F7-4668-BE54-9A1E7A4F7556}") = "MultiShop.Order.Domain", "Services\Order\Core\MultiShop.Order.Domain\MultiShop.Order.Domain.csproj", "{0C75A3A4-8030-480D-AB7D-8612C21A2BA5}"
EndProject
Project("{9A19103F-16F7-4668-BE54-9A1E7A4F7556}") = "MultiShop.Order.Application", "Services\Order\Core\MultiShop.Order.Application\MultiShop.Order.Application.csproj", "{4C65C730-A3D2-46DE-AC89-C9A9234EB1EE}"
EndProject
Project("{9A19103F-16F7-4668-BE54-9A1E7A4F7556}") = "MultiShop.Order.Persistence", "Services\Order\Infrastructure\MultiShop.Order.Persistence\MultiShop.Order.Persistence.csproj", "{D0CD8767-CB11-434D-BFDD-8CA42CA70853}"
EndProject
Project("{9A19103F-16F7-4668-BE54-9A1E7A4F7556}") = "MultiShop.Order.WebApi", "Services\Order\Presentation\MultiShop.Order.WebApi\MultiShop.Order.WebApi.csproj", "{21EC6EB6-A064-4FAD-A55A-9A923FB469CC}"
EndProject
Project("{2150E333-8FDC-42A3-9474-1A3956D46DE8}") = "IdentityServer", "IdentityServer", "{2C9E4815-9197-4294-9E84-EF11C0DE5382}"
EndProject
Project("{9A19103F-16F7-4668-BE54-9A1E7A4F7556}") = "MultiShop.IdentityServer", "IdentityServer\MultiShop.IdentityServer\MultiShop.IdentityServer.csproj", "{720AB107-214F-4289-9BE4-FE063CE46CC2}"
EndProject
Project("{2150E333-8FDC-42A3-9474-1A3956D46DE8}") = "Requirements", "Requirements", "{A240135C-B8F1-49A6-9791-7AE947ACC8A7}"
	ProjectSection(SolutionItems) = preProject
		AdminStatisticApiForUI.txt = AdminStatisticApiForUI.txt
		Card.txt = Card.txt
		Card2.txt = Card2.txt
		FontAwesomeLink.txt = FontAwesomeLink.txt
		IdentityServerVersionErrorSolution.txt = IdentityServerVersionErrorSolution.txt
		LoginIndex.txt = LoginIndex.txt
		OcelotCodeExample.txt = OcelotCodeExample.txt
		OcelotLink.txt = OcelotLink.txt
		OrderHtml.txt = OrderHtml.txt
		PortainerCmd.txt = PortainerCmd.txt
		PortNumbers.txt = PortNumbers.txt
		SimpleCode.txt = SimpleCode.txt
		UserExample.txt = UserExample.txt
	EndProjectSection
EndProject
Project("{2150E333-8FDC-42A3-9474-1A3956D46DE8}") = "Cargo", "Cargo", "{B0758A8B-1FBE-4035-8ED8-B1F6B239B57F}"
EndProject
Project("{9A19103F-16F7-4668-BE54-9A1E7A4F7556}") = "MultiShop.Cargo.EntityLayer", "Services\Cargo\MultiShop.Cargo.EntityLayer\MultiShop.Cargo.EntityLayer.csproj", "{8916EA57-AE65-4972-9AEE-8015C587D426}"
EndProject
Project("{9A19103F-16F7-4668-BE54-9A1E7A4F7556}") = "MultiShop.Cargo.BusinessLayer", "Services\Cargo\MultiShop.Cargo.BusinessLayer\MultiShop.Cargo.BusinessLayer.csproj", "{690371B0-9F62-4AD5-85C5-85C5955FEBDD}"
EndProject
Project("{9A19103F-16F7-4668-BE54-9A1E7A4F7556}") = "MultiShop.Cargo.DataAccessLayer", "Services\Cargo\MultiShop.Cargo.DataAccessLayer\MultiShop.Cargo.DataAccessLayer.csproj", "{FB7A1628-5F9F-4234-9A1E-01047B111114}"
EndProject
Project("{9A19103F-16F7-4668-BE54-9A1E7A4F7556}") = "MultiShop.Cargo.DtoLayer", "Services\Cargo\MultiShop.Cargo.DtoLayer\MultiShop.Cargo.DtoLayer.csproj", "{AB954A05-D7E9-41E0-A329-546651328803}"
EndProject
Project("{9A19103F-16F7-4668-BE54-9A1E7A4F7556}") = "MultiShop.Cargo.WebApi", "Services\Cargo\MultiShop.Cargo.WebApi\MultiShop.Cargo.WebApi.csproj", "{417DAA6A-BE66-474D-85F9-000E694F55AC}"
EndProject
Project("{2150E333-8FDC-42A3-9474-1A3956D46DE8}") = "Basket", "Basket", "{B995889A-3152-42E9-92D4-7D81F34DA97C}"
EndProject
Project("{9A19103F-16F7-4668-BE54-9A1E7A4F7556}") = "MultiShop.Basket", "Services\Basket\MultiShop.Basket\MultiShop.Basket.csproj", "{818EF2ED-585D-4535-8FF6-63D1090A67A0}"
EndProject
Project("{2150E333-8FDC-42A3-9474-1A3956D46DE8}") = "Frontends", "Frontends", "{DCF7A031-822A-4F2B-85C7-8430890FF7D9}"
EndProject
Project("{9A19103F-16F7-4668-BE54-9A1E7A4F7556}") = "MultiShop.WebUI", "Frontends\MultiShop.WebUI\MultiShop.WebUI.csproj", "{D9F61EB3-BB09-4AC0-AAFA-5FBCBE06CFE1}"
EndProject
Project("{9A19103F-16F7-4668-BE54-9A1E7A4F7556}") = "MultiShop.DtoLayer", "Frontends\MultiShop.DtoLayer\MultiShop.DtoLayer.csproj", "{F0363D20-D1AA-4820-BB5D-93B53D66B50E}"
EndProject
Project("{2150E333-8FDC-42A3-9474-1A3956D46DE8}") = "Comment", "Comment", "{902ADAE2-120E-4249-9D03-16202ABADAED}"
EndProject
Project("{9A19103F-16F7-4668-BE54-9A1E7A4F7556}") = "MultiShop.Comment", "Services\Comment\MultiShop.Comment\MultiShop.Comment.csproj", "{1FD7BFC4-5217-4F77-9DBC-6EE87B6493AC}"
EndProject
Project("{2150E333-8FDC-42A3-9474-1A3956D46DE8}") = "ApiGateway", "ApiGateway", "{E76DC780-2C8E-47A7-BAB1-464131E00FD7}"
EndProject
Project("{2150E333-8FDC-42A3-9474-1A3956D46DE8}") = "RapidApi", "RapidApi", "{E42C2847-7E71-40A3-AE72-EC6314AA90ED}"
EndProject
Project("{9A19103F-16F7-4668-BE54-9A1E7A4F7556}") = "MultiShop.OcelotGateway", "ApiGateway\MultiShop.OcelotGateway\MultiShop.OcelotGateway.csproj", "{6E53D962-6192-4E1A-B836-ACCD55431EEB}"
EndProject
Project("{2150E333-8FDC-42A3-9474-1A3956D46DE8}") = "Payment", "Payment", "{1E9F520A-299A-4746-9AD0-636F91E4E7F2}"
EndProject
Project("{9A19103F-16F7-4668-BE54-9A1E7A4F7556}") = "MultiShop.Payment", "Services\Payment\MultiShop.Payment\MultiShop.Payment.csproj", "{F8F734AC-122F-4382-BEA1-3AA0F023485C}"
EndProject
Project("{2150E333-8FDC-42A3-9474-1A3956D46DE8}") = "Images", "Images", "{D60E284B-DC53-4576-8F42-1E6F8E9CB812}"
EndProject
Project("{9A19103F-16F7-4668-BE54-9A1E7A4F7556}") = "MultiShop.Images", "Services\Images\MultiShop.Images\MultiShop.Images.csproj", "{57785371-7F2C-4AB9-A095-06960A08B1C5}"
EndProject
Project("{2150E333-8FDC-42A3-9474-1A3956D46DE8}") = "Message", "Message", "{A8D4F500-0CDB-4479-95DB-19458DD3D156}"
EndProject
Project("{9A19103F-16F7-4668-BE54-9A1E7A4F7556}") = "MultiShop.Message", "Services\Message\MultiShop.Message\MultiShop.Message.csproj", "{5278C84B-9DF0-4111-8830-325D4E4BBF44}"
EndProject
Project("{2150E333-8FDC-42A3-9474-1A3956D46DE8}") = "SignalRRealTime", "SignalRRealTime", "{7455040B-ACCD-4DC7-97A1-72CB3FAE1D27}"
EndProject
Project("{FAE04EC0-301F-11D3-BF4B-00C04F79EFBC}") = "MultiShop.SignalRRealTimeApi", "Services\SignalRRealTime\MultiShop.SignalRRealTimeApi\MultiShop.SignalRRealTimeApi.csproj", "{6441E34E-79F3-4B5C-AF19-86D0DF381D98}"
EndProject
Global
	GlobalSection(SolutionConfigurationPlatforms) = preSolution
		Debug|Any CPU = Debug|Any CPU
		Release|Any CPU = Release|Any CPU
	EndGlobalSection
	GlobalSection(ProjectConfigurationPlatforms) = postSolution
		{60CE9091-8DFA-4105-BB6C-C6A69DCAD521}.Debug|Any CPU.ActiveCfg = Debug|Any CPU
		{60CE9091-8DFA-4105-BB6C-C6A69DCAD521}.Debug|Any CPU.Build.0 = Debug|Any CPU
		{60CE9091-8DFA-4105-BB6C-C6A69DCAD521}.Release|Any CPU.ActiveCfg = Release|Any CPU
		{60CE9091-8DFA-4105-BB6C-C6A69DCAD521}.Release|Any CPU.Build.0 = Release|Any CPU
		{DF1A2EF2-1467-42D4-A239-7F72E22F6035}.Debug|Any CPU.ActiveCfg = Debug|Any CPU
		{DF1A2EF2-1467-42D4-A239-7F72E22F6035}.Debug|Any CPU.Build.0 = Debug|Any CPU
		{DF1A2EF2-1467-42D4-A239-7F72E22F6035}.Release|Any CPU.ActiveCfg = Release|Any CPU
		{DF1A2EF2-1467-42D4-A239-7F72E22F6035}.Release|Any CPU.Build.0 = Release|Any CPU
		{0C75A3A4-8030-480D-AB7D-8612C21A2BA5}.Debug|Any CPU.ActiveCfg = Debug|Any CPU
		{0C75A3A4-8030-480D-AB7D-8612C21A2BA5}.Debug|Any CPU.Build.0 = Debug|Any CPU
		{0C75A3A4-8030-480D-AB7D-8612C21A2BA5}.Release|Any CPU.ActiveCfg = Release|Any CPU
		{0C75A3A4-8030-480D-AB7D-8612C21A2BA5}.Release|Any CPU.Build.0 = Release|Any CPU
		{4C65C730-A3D2-46DE-AC89-C9A9234EB1EE}.Debug|Any CPU.ActiveCfg = Debug|Any CPU
		{4C65C730-A3D2-46DE-AC89-C9A9234EB1EE}.Debug|Any CPU.Build.0 = Debug|Any CPU
		{4C65C730-A3D2-46DE-AC89-C9A9234EB1EE}.Release|Any CPU.ActiveCfg = Release|Any CPU
		{4C65C730-A3D2-46DE-AC89-C9A9234EB1EE}.Release|Any CPU.Build.0 = Release|Any CPU
		{D0CD8767-CB11-434D-BFDD-8CA42CA70853}.Debug|Any CPU.ActiveCfg = Debug|Any CPU
		{D0CD8767-CB11-434D-BFDD-8CA42CA70853}.Debug|Any CPU.Build.0 = Debug|Any CPU
		{D0CD8767-CB11-434D-BFDD-8CA42CA70853}.Release|Any CPU.ActiveCfg = Release|Any CPU
		{D0CD8767-CB11-434D-BFDD-8CA42CA70853}.Release|Any CPU.Build.0 = Release|Any CPU
		{21EC6EB6-A064-4FAD-A55A-9A923FB469CC}.Debug|Any CPU.ActiveCfg = Debug|Any CPU
		{21EC6EB6-A064-4FAD-A55A-9A923FB469CC}.Debug|Any CPU.Build.0 = Debug|Any CPU
		{21EC6EB6-A064-4FAD-A55A-9A923FB469CC}.Release|Any CPU.ActiveCfg = Release|Any CPU
		{21EC6EB6-A064-4FAD-A55A-9A923FB469CC}.Release|Any CPU.Build.0 = Release|Any CPU
		{720AB107-214F-4289-9BE4-FE063CE46CC2}.Debug|Any CPU.ActiveCfg = Debug|Any CPU
		{720AB107-214F-4289-9BE4-FE063CE46CC2}.Debug|Any CPU.Build.0 = Debug|Any CPU
		{720AB107-214F-4289-9BE4-FE063CE46CC2}.Release|Any CPU.ActiveCfg = Release|Any CPU
		{720AB107-214F-4289-9BE4-FE063CE46CC2}.Release|Any CPU.Build.0 = Release|Any CPU
		{8916EA57-AE65-4972-9AEE-8015C587D426}.Debug|Any CPU.ActiveCfg = Debug|Any CPU
		{8916EA57-AE65-4972-9AEE-8015C587D426}.Debug|Any CPU.Build.0 = Debug|Any CPU
		{8916EA57-AE65-4972-9AEE-8015C587D426}.Release|Any CPU.ActiveCfg = Release|Any CPU
		{8916EA57-AE65-4972-9AEE-8015C587D426}.Release|Any CPU.Build.0 = Release|Any CPU
		{690371B0-9F62-4AD5-85C5-85C5955FEBDD}.Debug|Any CPU.ActiveCfg = Debug|Any CPU
		{690371B0-9F62-4AD5-85C5-85C5955FEBDD}.Debug|Any CPU.Build.0 = Debug|Any CPU
		{690371B0-9F62-4AD5-85C5-85C5955FEBDD}.Release|Any CPU.ActiveCfg = Release|Any CPU
		{690371B0-9F62-4AD5-85C5-85C5955FEBDD}.Release|Any CPU.Build.0 = Release|Any CPU
		{FB7A1628-5F9F-4234-9A1E-01047B111114}.Debug|Any CPU.ActiveCfg = Debug|Any CPU
		{FB7A1628-5F9F-4234-9A1E-01047B111114}.Debug|Any CPU.Build.0 = Debug|Any CPU
		{FB7A1628-5F9F-4234-9A1E-01047B111114}.Release|Any CPU.ActiveCfg = Release|Any CPU
		{FB7A1628-5F9F-4234-9A1E-01047B111114}.Release|Any CPU.Build.0 = Release|Any CPU
		{AB954A05-D7E9-41E0-A329-546651328803}.Debug|Any CPU.ActiveCfg = Debug|Any CPU
		{AB954A05-D7E9-41E0-A329-546651328803}.Debug|Any CPU.Build.0 = Debug|Any CPU
		{AB954A05-D7E9-41E0-A329-546651328803}.Release|Any CPU.ActiveCfg = Release|Any CPU
		{AB954A05-D7E9-41E0-A329-546651328803}.Release|Any CPU.Build.0 = Release|Any CPU
		{417DAA6A-BE66-474D-85F9-000E694F55AC}.Debug|Any CPU.ActiveCfg = Debug|Any CPU
		{417DAA6A-BE66-474D-85F9-000E694F55AC}.Debug|Any CPU.Build.0 = Debug|Any CPU
		{417DAA6A-BE66-474D-85F9-000E694F55AC}.Release|Any CPU.ActiveCfg = Release|Any CPU
		{417DAA6A-BE66-474D-85F9-000E694F55AC}.Release|Any CPU.Build.0 = Release|Any CPU
		{818EF2ED-585D-4535-8FF6-63D1090A67A0}.Debug|Any CPU.ActiveCfg = Debug|Any CPU
		{818EF2ED-585D-4535-8FF6-63D1090A67A0}.Debug|Any CPU.Build.0 = Debug|Any CPU
		{818EF2ED-585D-4535-8FF6-63D1090A67A0}.Release|Any CPU.ActiveCfg = Release|Any CPU
		{818EF2ED-585D-4535-8FF6-63D1090A67A0}.Release|Any CPU.Build.0 = Release|Any CPU
		{D9F61EB3-BB09-4AC0-AAFA-5FBCBE06CFE1}.Debug|Any CPU.ActiveCfg = Debug|Any CPU
		{D9F61EB3-BB09-4AC0-AAFA-5FBCBE06CFE1}.Debug|Any CPU.Build.0 = Debug|Any CPU
		{D9F61EB3-BB09-4AC0-AAFA-5FBCBE06CFE1}.Release|Any CPU.ActiveCfg = Release|Any CPU
		{D9F61EB3-BB09-4AC0-AAFA-5FBCBE06CFE1}.Release|Any CPU.Build.0 = Release|Any CPU
		{F0363D20-D1AA-4820-BB5D-93B53D66B50E}.Debug|Any CPU.ActiveCfg = Debug|Any CPU
		{F0363D20-D1AA-4820-BB5D-93B53D66B50E}.Debug|Any CPU.Build.0 = Debug|Any CPU
		{F0363D20-D1AA-4820-BB5D-93B53D66B50E}.Release|Any CPU.ActiveCfg = Release|Any CPU
		{F0363D20-D1AA-4820-BB5D-93B53D66B50E}.Release|Any CPU.Build.0 = Release|Any CPU
		{1FD7BFC4-5217-4F77-9DBC-6EE87B6493AC}.Debug|Any CPU.ActiveCfg = Debug|Any CPU
		{1FD7BFC4-5217-4F77-9DBC-6EE87B6493AC}.Debug|Any CPU.Build.0 = Debug|Any CPU
		{1FD7BFC4-5217-4F77-9DBC-6EE87B6493AC}.Release|Any CPU.ActiveCfg = Release|Any CPU
		{1FD7BFC4-5217-4F77-9DBC-6EE87B6493AC}.Release|Any CPU.Build.0 = Release|Any CPU
		{6E53D962-6192-4E1A-B836-ACCD55431EEB}.Debug|Any CPU.ActiveCfg = Debug|Any CPU
		{6E53D962-6192-4E1A-B836-ACCD55431EEB}.Debug|Any CPU.Build.0 = Debug|Any CPU
		{6E53D962-6192-4E1A-B836-ACCD55431EEB}.Release|Any CPU.ActiveCfg = Release|Any CPU
		{6E53D962-6192-4E1A-B836-ACCD55431EEB}.Release|Any CPU.Build.0 = Release|Any CPU
		{F8F734AC-122F-4382-BEA1-3AA0F023485C}.Debug|Any CPU.ActiveCfg = Debug|Any CPU
		{F8F734AC-122F-4382-BEA1-3AA0F023485C}.Debug|Any CPU.Build.0 = Debug|Any CPU
		{F8F734AC-122F-4382-BEA1-3AA0F023485C}.Release|Any CPU.ActiveCfg = Release|Any CPU
		{F8F734AC-122F-4382-BEA1-3AA0F023485C}.Release|Any CPU.Build.0 = Release|Any CPU
		{57785371-7F2C-4AB9-A095-06960A08B1C5}.Debug|Any CPU.ActiveCfg = Debug|Any CPU
		{57785371-7F2C-4AB9-A095-06960A08B1C5}.Debug|Any CPU.Build.0 = Debug|Any CPU
		{57785371-7F2C-4AB9-A095-06960A08B1C5}.Release|Any CPU.ActiveCfg = Release|Any CPU
		{57785371-7F2C-4AB9-A095-06960A08B1C5}.Release|Any CPU.Build.0 = Release|Any CPU
		{5278C84B-9DF0-4111-8830-325D4E4BBF44}.Debug|Any CPU.ActiveCfg = Debug|Any CPU
		{5278C84B-9DF0-4111-8830-325D4E4BBF44}.Debug|Any CPU.Build.0 = Debug|Any CPU
		{5278C84B-9DF0-4111-8830-325D4E4BBF44}.Release|Any CPU.ActiveCfg = Release|Any CPU
		{5278C84B-9DF0-4111-8830-325D4E4BBF44}.Release|Any CPU.Build.0 = Release|Any CPU
		{6441E34E-79F3-4B5C-AF19-86D0DF381D98}.Debug|Any CPU.ActiveCfg = Debug|Any CPU
		{6441E34E-79F3-4B5C-AF19-86D0DF381D98}.Debug|Any CPU.Build.0 = Debug|Any CPU
		{6441E34E-79F3-4B5C-AF19-86D0DF381D98}.Release|Any CPU.ActiveCfg = Release|Any CPU
		{6441E34E-79F3-4B5C-AF19-86D0DF381D98}.Release|Any CPU.Build.0 = Release|Any CPU
	EndGlobalSection
	GlobalSection(SolutionProperties) = preSolution
		HideSolutionNode = FALSE
	EndGlobalSection
	GlobalSection(NestedProjects) = preSolution
		{4C364F16-4AFA-4DFF-BB67-A0EF9F8100F2} = {A0370056-D424-404E-B90D-145BFC51BFE8}
		{60CE9091-8DFA-4105-BB6C-C6A69DCAD521} = {4C364F16-4AFA-4DFF-BB67-A0EF9F8100F2}
		{36E70CB9-C92A-4DCE-A6E4-BEC03ABC9304} = {A0370056-D424-404E-B90D-145BFC51BFE8}
		{DF1A2EF2-1467-42D4-A239-7F72E22F6035} = {36E70CB9-C92A-4DCE-A6E4-BEC03ABC9304}
		{196F26F0-1E45-4D73-8199-7F13953A49B7} = {A0370056-D424-404E-B90D-145BFC51BFE8}
		{FE981D75-6E3D-4013-89DA-68C9C1A7ED60} = {196F26F0-1E45-4D73-8199-7F13953A49B7}
		{713EA178-ECDB-452E-B10B-6E50EDB7A06A} = {196F26F0-1E45-4D73-8199-7F13953A49B7}
		{08E2DBCC-C271-4185-96F3-C40A05254BDC} = {196F26F0-1E45-4D73-8199-7F13953A49B7}
		{0C75A3A4-8030-480D-AB7D-8612C21A2BA5} = {FE981D75-6E3D-4013-89DA-68C9C1A7ED60}
		{4C65C730-A3D2-46DE-AC89-C9A9234EB1EE} = {FE981D75-6E3D-4013-89DA-68C9C1A7ED60}
		{D0CD8767-CB11-434D-BFDD-8CA42CA70853} = {713EA178-ECDB-452E-B10B-6E50EDB7A06A}
		{21EC6EB6-A064-4FAD-A55A-9A923FB469CC} = {08E2DBCC-C271-4185-96F3-C40A05254BDC}
		{720AB107-214F-4289-9BE4-FE063CE46CC2} = {2C9E4815-9197-4294-9E84-EF11C0DE5382}
		{B0758A8B-1FBE-4035-8ED8-B1F6B239B57F} = {A0370056-D424-404E-B90D-145BFC51BFE8}
		{8916EA57-AE65-4972-9AEE-8015C587D426} = {B0758A8B-1FBE-4035-8ED8-B1F6B239B57F}
		{690371B0-9F62-4AD5-85C5-85C5955FEBDD} = {B0758A8B-1FBE-4035-8ED8-B1F6B239B57F}
		{FB7A1628-5F9F-4234-9A1E-01047B111114} = {B0758A8B-1FBE-4035-8ED8-B1F6B239B57F}
		{AB954A05-D7E9-41E0-A329-546651328803} = {B0758A8B-1FBE-4035-8ED8-B1F6B239B57F}
		{417DAA6A-BE66-474D-85F9-000E694F55AC} = {B0758A8B-1FBE-4035-8ED8-B1F6B239B57F}
		{B995889A-3152-42E9-92D4-7D81F34DA97C} = {A0370056-D424-404E-B90D-145BFC51BFE8}
		{818EF2ED-585D-4535-8FF6-63D1090A67A0} = {B995889A-3152-42E9-92D4-7D81F34DA97C}
		{D9F61EB3-BB09-4AC0-AAFA-5FBCBE06CFE1} = {DCF7A031-822A-4F2B-85C7-8430890FF7D9}
		{F0363D20-D1AA-4820-BB5D-93B53D66B50E} = {DCF7A031-822A-4F2B-85C7-8430890FF7D9}
		{902ADAE2-120E-4249-9D03-16202ABADAED} = {A0370056-D424-404E-B90D-145BFC51BFE8}
		{1FD7BFC4-5217-4F77-9DBC-6EE87B6493AC} = {902ADAE2-120E-4249-9D03-16202ABADAED}
		{6E53D962-6192-4E1A-B836-ACCD55431EEB} = {E76DC780-2C8E-47A7-BAB1-464131E00FD7}
		{1E9F520A-299A-4746-9AD0-636F91E4E7F2} = {A0370056-D424-404E-B90D-145BFC51BFE8}
		{F8F734AC-122F-4382-BEA1-3AA0F023485C} = {1E9F520A-299A-4746-9AD0-636F91E4E7F2}
		{D60E284B-DC53-4576-8F42-1E6F8E9CB812} = {A0370056-D424-404E-B90D-145BFC51BFE8}
		{57785371-7F2C-4AB9-A095-06960A08B1C5} = {D60E284B-DC53-4576-8F42-1E6F8E9CB812}
		{A8D4F500-0CDB-4479-95DB-19458DD3D156} = {A0370056-D424-404E-B90D-145BFC51BFE8}
		{5278C84B-9DF0-4111-8830-325D4E4BBF44} = {A8D4F500-0CDB-4479-95DB-19458DD3D156}
		{7455040B-ACCD-4DC7-97A1-72CB3FAE1D27} = {A0370056-D424-404E-B90D-145BFC51BFE8}
		{6441E34E-79F3-4B5C-AF19-86D0DF381D98} = {7455040B-ACCD-4DC7-97A1-72CB3FAE1D27}
	EndGlobalSection
	GlobalSection(ExtensibilityGlobals) = postSolution
		SolutionGuid = {46A97610-15A8-467A-BAB7-5FA7388A56C1}
	EndGlobalSection
EndGlobal
